
Microsoft Visual Studio Solution File, Format Version 12.00
# Visual Studio Version 17
VisualStudioVersion = 17.3.32929.385
MinimumVisualStudioVersion = 10.0.40219.1
Project("{9A19103F-16F7-4668-BE54-9A1E7A4F7556}") = "ElizerBot", "ElizerBot\ElizerBot.csproj", "{CA5EE828-AFE5-4E31-BD42-B2F9CFECC82D}"
EndProject
Project("{9A19103F-16F7-4668-BE54-9A1E7A4F7556}") = "ElizerBot.Example", "ElizerBot.Example\ElizerBot.Example.csproj", "{7AA33B86-6999-41D5-9E37-417CACD79A02}"
EndProject
Project("{9A19103F-16F7-4668-BE54-9A1E7A4F7556}") = "ElizerBot.Triggers.Example", "ElizerBot.Triggers.Example\ElizerBot.Triggers.Example.csproj", "{6793D520-9DA1-4BC3-8340-C0B6D5ACD9D2}"
EndProject
Global
	GlobalSection(SolutionConfigurationPlatforms) = preSolution
		Debug|Any CPU = Debug|Any CPU
		Release|Any CPU = Release|Any CPU
	EndGlobalSection
	GlobalSection(ProjectConfigurationPlatforms) = postSolution
		{CA5EE828-AFE5-4E31-BD42-B2F9CFECC82D}.Debug|Any CPU.ActiveCfg = Debug|Any CPU
		{CA5EE828-AFE5-4E31-BD42-B2F9CFECC82D}.Debug|Any CPU.Build.0 = Debug|Any CPU
		{CA5EE828-AFE5-4E31-BD42-B2F9CFECC82D}.Release|Any CPU.ActiveCfg = Release|Any CPU
		{CA5EE828-AFE5-4E31-BD42-B2F9CFECC82D}.Release|Any CPU.Build.0 = Release|Any CPU
		{7AA33B86-6999-41D5-9E37-417CACD79A02}.Debug|Any CPU.ActiveCfg = Debug|Any CPU
		{7AA33B86-6999-41D5-9E37-417CACD79A02}.Debug|Any CPU.Build.0 = Debug|Any CPU
		{7AA33B86-6999-41D5-9E37-417CACD79A02}.Release|Any CPU.ActiveCfg = Release|Any CPU
		{7AA33B86-6999-41D5-9E37-417CACD79A02}.Release|Any CPU.Build.0 = Release|Any CPU
		{6793D520-9DA1-4BC3-8340-C0B6D5ACD9D2}.Debug|Any CPU.ActiveCfg = Debug|Any CPU
		{6793D520-9DA1-4BC3-8340-C0B6D5ACD9D2}.Debug|Any CPU.Build.0 = Debug|Any CPU
		{6793D520-9DA1-4BC3-8340-C0B6D5ACD9D2}.Release|Any CPU.ActiveCfg = Release|Any CPU
		{6793D520-9DA1-4BC3-8340-C0B6D5ACD9D2}.Release|Any CPU.Build.0 = Release|Any CPU
	EndGlobalSection
	GlobalSection(SolutionProperties) = preSolution
		HideSolutionNode = FALSE
	EndGlobalSection
	GlobalSection(ExtensibilityGlobals) = postSolution
		SolutionGuid = {9E5FF21E-DAC8-4FF4-BF5B-3EC9D633C797}
	EndGlobalSection
EndGlobal
